
Microsoft Visual Studio Solution File, Format Version 10.00
# Visual C# Express 2008
Project("{FAE04EC0-301F-11D3-BF4B-00C04F79EFBC}") = "RemoteScreenInverse", "RemoteScreenInverse.csproj", "{2FC169E3-CDC2-4D64-B835-81DB0657079B}"
EndProject
Global
	GlobalSection(SolutionConfigurationPlatforms) = preSolution
		Debug|Any CPU = Debug|Any CPU
		Release|Any CPU = Release|Any CPU
	EndGlobalSection
	GlobalSection(ProjectConfigurationPlatforms) = postSolution
		{2FC169E3-CDC2-4D64-B835-81DB0657079B}.Debug|Any CPU.ActiveCfg = Debug|Any CPU
		{2FC169E3-CDC2-4D64-B835-81DB0657079B}.Debug|Any CPU.Build.0 = Debug|Any CPU
		{2FC169E3-CDC2-4D64-B835-81DB0657079B}.Release|Any CPU.ActiveCfg = Release|Any CPU
		{2FC169E3-CDC2-4D64-B835-81DB0657079B}.Release|Any CPU.Build.0 = Release|Any CPU
	EndGlobalSection
	GlobalSection(SolutionProperties) = preSolution
		HideSolutionNode = FALSE
	EndGlobalSection
EndGlobal
